
Microsoft Visual Studio Solution File, Format Version 12.00
# Visual Studio 15
Project("{FAE04EC0-301F-11D3-BF4B-00C04F79EFBC}") = "PimDeWitte.UnityMainThreadDispatcher", "PimDeWitte.UnityMainThreadDispatcher.csproj", "{5AF84110-52E3-1863-7918-F305B43ECACE}"
EndProject
Global
	GlobalSection(SolutionConfigurationPlatforms) = preSolution
		Debug|Any CPU = Debug|Any CPU
		Release|Any CPU = Release|Any CPU
	EndGlobalSection
	GlobalSection(ProjectConfigurationPlatforms) = postSolution
		{5AF84110-52E3-1863-7918-F305B43ECACE}.Debug|Any CPU.ActiveCfg = Debug|Any CPU
		{5AF84110-52E3-1863-7918-F305B43ECACE}.Debug|Any CPU.Build.0 = Debug|Any CPU
		{5AF84110-52E3-1863-7918-F305B43ECACE}.Release|Any CPU.ActiveCfg = Release|Any CPU
		{5AF84110-52E3-1863-7918-F305B43ECACE}.Release|Any CPU.Build.0 = Release|Any CPU
	EndGlobalSection
	GlobalSection(SolutionProperties) = preSolution
		HideSolutionNode = FALSE
	EndGlobalSection
EndGlobal
